# Generated by conda-lock.
# platform: osx-arm64
# input_hash: 7ab98ebba90a113eedfc7e747f941459065eab9a76c816827ecd98d382fed108
@EXPLICIT
https://conda.anaconda.org/conda-forge/osx-arm64/_py-xgboost-mutex-2.0-cpu_0.tar.bz2#1a751190779dc4a6389bb986c293684c
https://conda.anaconda.org/conda-forge/osx-arm64/ca-certificates-2024.8.30-hf0a4a13_0.conda#40dec13fd8348dbe303e57be74bd3d35
https://conda.anaconda.org/conda-forge/osx-arm64/libev-4.33-h93a5062_2.conda#36d33e440c31857372a72137f78bacf5
https://conda.anaconda.org/conda-forge/osx-arm64/libffi-3.4.2-h3422bc3_5.tar.bz2#086914b672be056eb70fd4285b6783b6
https://conda.anaconda.org/conda-forge/osx-arm64/libiconv-1.17-h0d3ecfb_2.conda#69bda57310071cf6d2b86caf11573d2d
https://conda.anaconda.org/conda-forge/osx-arm64/libjpeg-turbo-3.0.0-hb547adb_1.conda#3ff1e053dc3a2b8e36b9bfa4256a58d1
https://conda.anaconda.org/conda-forge/osx-arm64/libutf8proc-2.8.0-h1a8c8d9_0.tar.bz2#f8c9c41a122ab3abdf8943b13f4957ee
https://conda.anaconda.org/conda-forge/osx-arm64/libwebp-base-1.4.0-h93a5062_0.conda#c0af0edfebe780b19940e94871f1a765
https://conda.anaconda.org/conda-forge/osx-arm64/python_abi-3.12-5_cp312.conda#b76f9b1c862128e56ac7aa8cd2333de9
https://conda.anaconda.org/conda-forge/noarch/tzdata-2024b-hc8b5060_0.conda#8ac3367aafb1cc0a068483c580af8015
https://conda.anaconda.org/conda-forge/osx-arm64/xz-5.2.6-h57fd34a_0.tar.bz2#39c6b54e94014701dd157f4f576ed211
https://conda.anaconda.org/conda-forge/osx-arm64/yaml-0.2.5-h3422bc3_2.tar.bz2#4bb3f014845110883a3c5ee811fd84b4
https://conda.anaconda.org/conda-forge/osx-arm64/aws-c-common-0.10.3-h5505292_0.conda#4150339e3b08db33fe4c436340b1d7f6
https://conda.anaconda.org/conda-forge/osx-arm64/bzip2-1.0.8-h99b78c6_7.conda#fc6948412dbbbe9a4c9ddbbcfe0a79ab
https://conda.anaconda.org/conda-forge/osx-arm64/c-ares-1.34.3-h5505292_0.conda#d0155a4f41f28628c7409ea000eeb19c
https://conda.anaconda.org/conda-forge/osx-arm64/libbrotlicommon-1.1.0-hd74edd7_2.conda#d0bf1dff146b799b319ea0434b93f779
https://conda.anaconda.org/conda-forge/osx-arm64/libcxx-19.1.4-ha82da77_0.conda#a2d3d484d95889fccdd09498d8f6bf9a
https://conda.anaconda.org/conda-forge/osx-arm64/libdeflate-1.22-hd74edd7_0.conda#2d3e3f3d8ab315748420ef58d5a3ae0f
https://conda.anaconda.org/conda-forge/osx-arm64/libexpat-2.6.4-h286801f_0.conda#38d2656dd914feb0cab8c629370768bf
https://conda.anaconda.org/conda-forge/osx-arm64/libsodium-1.0.20-h99b78c6_0.conda#a7ce36e284c5faaf93c220dfc39e3abd
https://conda.anaconda.org/conda-forge/osx-arm64/libzlib-1.3.1-h8359307_2.conda#369964e85dc26bfe78f41399b366c435
https://conda.anaconda.org/conda-forge/osx-arm64/llvm-openmp-19.1.4-hdb05f8b_0.conda#76ca179ec970bea6e275e2fa477c2d3c
https://conda.anaconda.org/conda-forge/osx-arm64/ncurses-6.5-h7bae524_1.conda#cb2b0ea909b97b3d70cd3921d1445e1a
https://conda.anaconda.org/conda-forge/osx-arm64/openssl-3.4.0-h39f12f2_0.conda#df307bbc703324722df0293c9ca2e418
https://conda.anaconda.org/conda-forge/osx-arm64/pthread-stubs-0.4-hd74edd7_1002.conda#415816daf82e0b23a736a069a75e9da7
https://conda.anaconda.org/conda-forge/osx-arm64/xorg-libxau-1.0.11-hd74edd7_1.conda#7e0125f8fb619620a0011dc9297e2493
https://conda.anaconda.org/conda-forge/osx-arm64/xorg-libxdmcp-1.1.5-hd74edd7_0.conda#77c447f48cab5d3a15ac224edb86a968
https://conda.anaconda.org/conda-forge/osx-arm64/aws-c-cal-0.8.0-h5d7ee29_2.conda#92734dad83d22314205ba73b679710d2
https://conda.anaconda.org/conda-forge/osx-arm64/aws-c-compression-0.3.0-h5d7ee29_2.conda#15566c36b0cf5f314e3bee7f7cc796b5
https://conda.anaconda.org/conda-forge/osx-arm64/aws-c-sdkutils-0.2.1-h5d7ee29_1.conda#0f1e5bc57d4567c9d9bec8d8982828ed
https://conda.anaconda.org/conda-forge/osx-arm64/aws-checksums-0.2.2-h5d7ee29_1.conda#db1ed95988a8fe6c1ce0d94abdfc8e72
https://conda.anaconda.org/conda-forge/osx-arm64/gflags-2.2.2-hf9b8971_1005.conda#57a511a5905caa37540eb914dfcbf1fb
https://conda.anaconda.org/conda-forge/osx-arm64/lerc-4.0.0-h9a09cb3_0.tar.bz2#de462d5aacda3b30721b512c5da4e742
https://conda.anaconda.org/conda-forge/osx-arm64/libabseil-20240722.0-cxx17_hf9b8971_1.conda#706da5e791c569a7b9814877098a6a0a
https://conda.anaconda.org/conda-forge/osx-arm64/libbrotlidec-1.1.0-hd74edd7_2.conda#55e66e68ce55523a6811633dd1ac74e2
https://conda.anaconda.org/conda-forge/osx-arm64/libbrotlienc-1.1.0-hd74edd7_2.conda#4f3a434504c67b2c42565c0b85c1885c
https://conda.anaconda.org/conda-forge/osx-arm64/libcrc32c-1.1.2-hbdafb3b_0.tar.bz2#32bd82a6a625ea6ce090a81c3d34edeb
https://conda.anaconda.org/conda-forge/osx-arm64/libedit-3.1.20191231-hc8eb9b7_2.tar.bz2#30e4362988a2623e9eb34337b83e01f9
https://conda.anaconda.org/conda-forge/osx-arm64/libevent-2.1.12-h2757513_1.conda#1a109764bff3bdc7bdd84088347d71dc
https://conda.anaconda.org/conda-forge/osx-arm64/libgfortran5-13.2.0-hf226fd6_3.conda#66ac81d54e95c534ae488726c1f698ea
https://conda.anaconda.org/conda-forge/osx-arm64/libnghttp2-1.64.0-h6d7220d_0.conda#3408c02539cee5f1141f9f11450b6a51
https://conda.anaconda.org/conda-forge/osx-arm64/libpng-1.6.44-hc14010f_0.conda#fb36e93f0ea6a6f5d2b99984f34b049e
https://conda.anaconda.org/conda-forge/osx-arm64/libsqlite-3.47.0-hbaaea75_1.conda#07a14fbe439eef078cc479deca321161
https://conda.anaconda.org/conda-forge/osx-arm64/libssh2-1.11.0-h7a5bd25_0.conda#029f7dc931a3b626b94823bc77830b01
https://conda.anaconda.org/conda-forge/osx-arm64/libxcb-1.17.0-hdb1d25a_0.conda#af523aae2eca6dfa1c8eec693f5b9a79
https://conda.anaconda.org/conda-forge/osx-arm64/libxgboost-2.1.2-cpu_h549eda0_1.conda#ca27a70b2d70d8ef6f46db3dbba89bd1
https://conda.anaconda.org/conda-forge/osx-arm64/libxml2-2.13.5-h376fa9f_0.conda#adea92805465ed3dcf0776b428e34744
https://conda.anaconda.org/conda-forge/osx-arm64/lz4-c-1.9.4-hb7217d7_0.conda#45505bec548634f7d05e02fb25262cb9
https://conda.anaconda.org/conda-forge/osx-arm64/qhull-2020.2-h420ef59_5.conda#6483b1f59526e05d7d894e466b5b6924
https://conda.anaconda.org/conda-forge/osx-arm64/readline-8.2-h92ec313_1.conda#8cbb776a2f641b943d413b3e19df71f4
https://conda.anaconda.org/conda-forge/osx-arm64/snappy-1.2.1-hd02b534_0.conda#69d0f9694f3294418ee935da3d5f7272
https://conda.anaconda.org/conda-forge/osx-arm64/tk-8.6.13-h5083fa2_1.conda#b50a57ba89c32b62428b71a875291c9b
https://conda.anaconda.org/conda-forge/osx-arm64/zstd-1.5.6-hb46c0d2_0.conda#d96942c06c3e84bfcc5efb038724a7fd
https://conda.anaconda.org/conda-forge/osx-arm64/aws-c-io-0.15.2-h39f8ad8_2.conda#3b49f1dd8f20bead8b222828cfdad585
https://conda.anaconda.org/conda-forge/osx-arm64/brotli-bin-1.1.0-hd74edd7_2.conda#b8512db2145dc3ae8d86cdc21a8d421e
https://conda.anaconda.org/conda-forge/osx-arm64/freetype-2.12.1-hadb7bae_2.conda#e6085e516a3e304ce41a8ee08b9b89ad
https://conda.anaconda.org/conda-forge/osx-arm64/glog-0.7.1-heb240a5_0.conda#fef68d0a95aa5b84b5c1a4f6f3bf40e1
https://conda.anaconda.org/conda-forge/osx-arm64/krb5-1.21.3-h237132a_0.conda#c6dc8a0fdec13a0565936655c33069a1
https://conda.anaconda.org/conda-forge/osx-arm64/libgfortran-5.0.0-13_2_0_hd922786_3.conda#4a55d9e169114b2b90d3ec4604cd7bbf
https://conda.anaconda.org/conda-forge/osx-arm64/libprotobuf-5.28.2-h8f0b736_0.conda#d2cb5991f2fb8eb079c80084435e9ce6
https://conda.anaconda.org/conda-forge/osx-arm64/libre2-11-2024.07.02-h2348fd5_1.conda#5a7065309a66097738be6a06fd04b7ef
https://conda.anaconda.org/conda-forge/osx-arm64/libthrift-0.21.0-h64651cc_0.conda#7ce2bd2f650f8c31ad7ba4c7bfea61b7
https://conda.anaconda.org/conda-forge/osx-arm64/libtiff-4.7.0-hfce79cd_1.conda#b9abf45f7c64caf3303725f1aa0e9a4d
https://conda.anaconda.org/conda-forge/osx-arm64/python-3.12.7-h739c21a_0_cpython.conda#e0d82e57ebb456077565e6d82cd4a323
https://conda.anaconda.org/conda-forge/noarch/appdirs-1.4.4-pyh9f0ad1d_0.tar.bz2#5f095bc6454094e96f146491fd03633b
https://conda.anaconda.org/conda-forge/noarch/appnope-0.1.4-pyhd8ed1ab_0.conda#cc4834a9ee7cc49ce8d25177c47b10d8
https://conda.anaconda.org/conda-forge/noarch/attrs-24.2.0-pyh71513ae_0.conda#6732fa52eb8e66e5afeb32db8701a791
https://conda.anaconda.org/conda-forge/osx-arm64/aws-c-event-stream-0.5.0-h13ead76_7.conda#55a901b6d4fb9ce1bc8328925b229f0b
https://conda.anaconda.org/conda-forge/osx-arm64/aws-c-http-0.9.1-hf483d09_2.conda#d880c40b8fc7d07374c036f93f1359d2
https://conda.anaconda.org/conda-forge/noarch/backports-1.0-pyhd8ed1ab_4.conda#67bdebbc334513034826e9b63f769d4c
https://conda.anaconda.org/conda-forge/osx-arm64/brotli-1.1.0-hd74edd7_2.conda#215e3dc8f2f837906d066e7f01aa77c0
https://conda.anaconda.org/conda-forge/osx-arm64/brotli-python-1.1.0-py312hde4cb15_2.conda#a83c2ef76ccb11bc2349f4f17696b15d
https://conda.anaconda.org/conda-forge/noarch/cached_property-1.5.2-pyha770c72_1.tar.bz2#576d629e47797577ab0f1b351297ef4a
https://conda.anaconda.org/conda-forge/noarch/cachy-0.3.0-pyhd8ed1ab_1.tar.bz2#5dfee17f24e2dfd18d7392b48c9351e2
https://conda.anaconda.org/conda-forge/noarch/certifi-2024.8.30-pyhd8ed1ab_0.conda#12f7d00853807b0531775e9be891cb11
https://conda.anaconda.org/conda-forge/noarch/charset-normalizer-3.4.0-pyhd8ed1ab_0.conda#a374efa97290b8799046df7c5ca17164
https://conda.anaconda.org/conda-forge/noarch/click-8.1.7-unix_pyh707e725_0.conda#f3ad426304898027fc619827ff428eca
https://conda.anaconda.org/conda-forge/noarch/crashtest-0.4.1-pyhd8ed1ab_0.tar.bz2#709a2295dd907bb34afb57d54320642f
https://conda.anaconda.org/conda-forge/noarch/cycler-0.12.1-pyhd8ed1ab_0.conda#5cd86562580f274031ede6aa6aa24441
https://conda.anaconda.org/conda-forge/osx-arm64/debugpy-1.8.9-py312hd8f9ff3_0.conda#51085e5bb7f21019186cc88fd9a03164
https://conda.anaconda.org/conda-forge/noarch/decorator-5.1.1-pyhd8ed1ab_0.tar.bz2#43afe5ab04e35e17ba28649471dd7364
https://conda.anaconda.org/conda-forge/noarch/defusedxml-0.7.1-pyhd8ed1ab_0.tar.bz2#961b3a227b437d82ad7054484cfa71b2
https://conda.anaconda.org/conda-forge/noarch/distlib-0.3.9-pyhd8ed1ab_0.conda#fe521c1608280cc2803ebd26dc252212
https://conda.anaconda.org/conda-forge/noarch/entrypoints-0.4-pyhd8ed1ab_0.tar.bz2#3cf04868fee0a029769bd41f4b2fbf2d
https://conda.anaconda.org/conda-forge/noarch/exceptiongroup-1.2.2-pyhd8ed1ab_0.conda#d02ae936e42063ca46af6cdad2dbd1e0
https://conda.anaconda.org/conda-forge/noarch/executing-2.1.0-pyhd8ed1ab_0.conda#d0441db20c827c11721889a241df1220
https://conda.anaconda.org/conda-forge/noarch/filelock-3.16.1-pyhd8ed1ab_0.conda#916f8ec5dd4128cd5f207a3c4c07b2c6
https://conda.anaconda.org/conda-forge/noarch/hpack-4.0.0-pyh9f0ad1d_0.tar.bz2#914d6646c4dbb1fd3ff539830a12fd71
https://conda.anaconda.org/conda-forge/noarch/hyperframe-6.0.1-pyhd8ed1ab_0.tar.bz2#9f765cbfab6870c8435b9eefecd7a1f4
https://conda.anaconda.org/conda-forge/noarch/idna-3.10-pyhd8ed1ab_0.conda#7ba2ede0e7c795ff95088daf0dc59753
https://conda.anaconda.org/conda-forge/noarch/json5-0.9.28-pyhff2d567_0.conda#b5fd1ac9269dd22e003eaac27e249d97
https://conda.anaconda.org/conda-forge/osx-arm64/jsonpointer-3.0.0-py312h81bd7bf_1.conda#80f403c03290e1662be03e026fb5f8ab
https://conda.anaconda.org/conda-forge/noarch/jupyterlab_widgets-3.0.13-pyhd8ed1ab_0.conda#ccea946e6dce9f330fbf7fca97fe8de7
https://conda.anaconda.org/conda-forge/osx-arm64/kiwisolver-1.4.7-py312h6142ec9_0.conda#ea8a65d24baad7ed822ab7f07f19e105
https://conda.anaconda.org/conda-forge/osx-arm64/lcms2-2.16-ha0e7c42_0.conda#66f6c134e76fe13cce8a9ea5814b5dd5
https://conda.anaconda.org/conda-forge/osx-arm64/libcurl-8.10.1-h13a7ad3_0.conda#d84030d0863ffe7dea00b9a807fee961
https://conda.anaconda.org/conda-forge/osx-arm64/libopenblas-0.3.28-openmp_hf332438_1.conda#40803a48d947c8639da6704e9a44d3ce
https://conda.anaconda.org/conda-forge/osx-arm64/markupsafe-3.0.2-py312ha0ccf2a_0.conda#c6ff9f291d011c9d4f0b840f49435c64
https://conda.anaconda.org/conda-forge/noarch/mistune-3.0.2-pyhd8ed1ab_0.conda#5cbee699846772cc939bef23a0d524ed
https://conda.anaconda.org/conda-forge/noarch/more-itertools-10.5.0-pyhd8ed1ab_0.conda#3364591bebd600979606791e1dff7cb6
https://conda.anaconda.org/conda-forge/osx-arm64/msgpack-python-1.1.0-py312h6142ec9_0.conda#0dfc3750cc6bbc463d72c0b727e60d8a
https://conda.anaconda.org/conda-forge/noarch/munkres-1.1.4-pyh9f0ad1d_0.tar.bz2#2ba8498c1018c1e9c61eb99b973dfe19
https://conda.anaconda.org/conda-forge/noarch/narwhals-1.14.1-pyhff2d567_0.conda#6aeb2311753a549bb28ceb732d803a9c
https://conda.anaconda.org/conda-forge/noarch/nest-asyncio-1.6.0-pyhd8ed1ab_0.conda#6598c056f64dc8800d40add25e4e2c34
https://conda.anaconda.org/conda-forge/osx-arm64/openjpeg-2.5.2-h9f1df11_0.conda#5029846003f0bc14414b9128a1f7c84b
https://conda.anaconda.org/conda-forge/osx-arm64/orc-2.0.3-h121fd32_0.conda#39995f7406b949c1bef74f0c7277afb3
https://conda.anaconda.org/conda-forge/noarch/packaging-24.2-pyhff2d567_1.conda#8508b703977f4c4ada34d657d051972c
https://conda.anaconda.org/conda-forge/noarch/pandocfilters-1.5.0-pyhd8ed1ab_0.tar.bz2#457c2c8c08e54905d6954e79cb5b5db9
https://conda.anaconda.org/conda-forge/noarch/parso-0.8.4-pyhd8ed1ab_0.conda#81534b420deb77da8833f2289b8d47ac
https://conda.anaconda.org/conda-forge/noarch/pastel-0.2.1-pyhd8ed1ab_0.tar.bz2#a4eea5bff523f26442405bc5d1f52adb
https://conda.anaconda.org/conda-forge/noarch/pickleshare-0.7.5-py_1003.tar.bz2#415f0ebb6198cc2801c73438a9fb5761
https://conda.anaconda.org/conda-forge/noarch/pkginfo-1.11.2-pyhd8ed1ab_0.conda#1ab2293c055793d6e5bb911a7a51621c
https://conda.anaconda.org/conda-forge/noarch/pkgutil-resolve-name-1.3.10-pyhd8ed1ab_1.conda#405678b942f2481cecdb3e010f4925d9
https://conda.anaconda.org/conda-forge/noarch/platformdirs-4.3.6-pyhd8ed1ab_0.conda#fd8f2b18b65bbf62e8f653100690c8d2
https://conda.anaconda.org/conda-forge/noarch/prometheus_client-0.21.0-pyhd8ed1ab_0.conda#07e9550ddff45150bfc7da146268e165
https://conda.anaconda.org/conda-forge/osx-arm64/protobuf-5.28.2-py312hf02c72a_0.conda#6fda46c82abd0a080ca33de7d16ca877
https://conda.anaconda.org/conda-forge/osx-arm64/psutil-6.1.0-py312h0bf5046_0.conda#61566f5c6e1d29d1d12882eb93e28532
https://conda.anaconda.org/conda-forge/noarch/ptyprocess-0.7.0-pyhd3deb0d_0.tar.bz2#359eeb6536da0e687af562ed265ec263
https://conda.anaconda.org/conda-forge/noarch/pure_eval-0.2.3-pyhd8ed1ab_0.conda#0f051f09d992e0d08941706ad519ee0e
https://conda.anaconda.org/conda-forge/noarch/pycparser-2.22-pyhd8ed1ab_0.conda#844d9eb3b43095b031874477f7d70088
https://conda.anaconda.org/conda-forge/noarch/pygments-2.18.0-pyhd8ed1ab_0.conda#b7f5c092b8f9800150d998a71b76d5a1
https://conda.anaconda.org/conda-forge/noarch/pylev-1.4.0-pyhd8ed1ab_0.tar.bz2#edf8651c4379d9d1495ad6229622d150
https://conda.anaconda.org/conda-forge/noarch/pyparsing-3.2.0-pyhd8ed1ab_1.conda#035c17fbf099f50ff60bf2eb303b0a83
https://conda.anaconda.org/conda-forge/noarch/pysocks-1.7.1-pyha2e5f31_6.tar.bz2#2a7de29fb590ca14b5243c4c812c8025
https://conda.anaconda.org/conda-forge/noarch/python-fastjsonschema-2.20.0-pyhd8ed1ab_0.conda#b98d2018c01ce9980c03ee2850690fab
https://conda.anaconda.org/conda-forge/noarch/python-json-logger-2.0.7-pyhd8ed1ab_0.conda#a61bf9ec79426938ff785eb69dbb1960
https://conda.anaconda.org/conda-forge/noarch/python-tzdata-2024.2-pyhd8ed1ab_0.conda#986287f89929b2d629bd6ef6497dc307
https://conda.anaconda.org/conda-forge/noarch/pytz-2024.1-pyhd8ed1ab_0.conda#3eeeeb9e4827ace8c0c1419c85d590ad
https://conda.anaconda.org/conda-forge/osx-arm64/pyyaml-6.0.2-py312h024a12e_1.conda#1ee23620cf46cb15900f70a1300bae55
https://conda.anaconda.org/conda-forge/osx-arm64/re2-2024.07.02-hcd0e937_1.conda#19e29f2ccc9168eb0a39dc40c04c0e21
https://conda.anaconda.org/conda-forge/noarch/rfc3986-validator-0.1.1-pyh9f0ad1d_0.tar.bz2#912a71cc01012ee38e6b90ddd561e36f
https://conda.anaconda.org/conda-forge/osx-arm64/rpds-py-0.21.0-py312hcd83bfe_0.conda#8ea53395d5403ae5ec1adabb1a74719a
https://conda.anaconda.org/conda-forge/osx-arm64/ruamel.yaml.clib-0.2.8-py312h0bf5046_1.conda#2ed5f254c9ea57b6d0fd4e12baa4b87f
https://conda.anaconda.org/conda-forge/noarch/setuptools-75.6.0-pyhff2d567_0.conda#68d7d406366926b09a6a023e3d0f71d7
https://conda.anaconda.org/conda-forge/noarch/six-1.16.0-pyh6c4a22f_0.tar.bz2#e5f25f8dbc060e9a8d912e432202afc2
https://conda.anaconda.org/conda-forge/noarch/smmap-5.0.0-pyhd8ed1ab_0.tar.bz2#62f26a3d1387acee31322208f0cfa3e0
https://conda.anaconda.org/conda-forge/noarch/sniffio-1.3.1-pyhd8ed1ab_0.conda#490730480d76cf9c8f8f2849719c6e2b
https://conda.anaconda.org/conda-forge/noarch/soupsieve-2.5-pyhd8ed1ab_1.conda#3f144b2c34f8cb5a9abd9ed23a39c561
https://conda.anaconda.org/conda-forge/noarch/threadpoolctl-3.5.0-pyhc1e730c_0.conda#df68d78237980a159bd7149f33c0e8fd
https://conda.anaconda.org/conda-forge/noarch/tomli-2.1.0-pyhff2d567_0.conda#3fa1089b4722df3a900135925f4519d9
https://conda.anaconda.org/conda-forge/noarch/tomlkit-0.13.2-pyha770c72_0.conda#0062a5f3347733f67b0f33ca48cc21dd
https://conda.anaconda.org/conda-forge/noarch/toolz-0.12.1-pyhd8ed1ab_0.conda#2fcb582444635e2c402e8569bb94e039
https://conda.anaconda.org/conda-forge/osx-arm64/tornado-6.4.1-py312h024a12e_1.conda#967bc97bb9e258993289546479af971f
https://conda.anaconda.org/conda-forge/noarch/traitlets-5.14.3-pyhd8ed1ab_0.conda#3df84416a021220d8b5700c613af2dc5
https://conda.anaconda.org/conda-forge/noarch/types-python-dateutil-2.9.0.20241003-pyhff2d567_0.conda#3d326f8a2aa2d14d51d8c513426b5def
https://conda.anaconda.org/conda-forge/noarch/typing_extensions-4.12.2-pyha770c72_0.conda#ebe6952715e1d5eb567eeebf25250fa7
https://conda.anaconda.org/conda-forge/noarch/typing_utils-0.1.0-pyhd8ed1ab_0.tar.bz2#eb67e3cace64c66233e2d35949e20f92
https://conda.anaconda.org/conda-forge/osx-arm64/unicodedata2-15.1.0-py312h0bf5046_1.conda#eda2082df9c9c6259af246424b7f3db1
https://conda.anaconda.org/conda-forge/noarch/uri-template-1.3.0-pyhd8ed1ab_0.conda#0944dc65cb4a9b5b68522c3bb585d41c
https://conda.anaconda.org/conda-forge/osx-arm64/vegafusion-python-embed-1.6.9-py312h072cb28_2.conda#f5e85fc7a538af12196968da472e3457
https://conda.anaconda.org/conda-forge/osx-arm64/vl-convert-python-1.7.0-py312h024a12e_1.conda#97bb4e7c72e996101da61e519e5c136e
https://conda.anaconda.org/conda-forge/noarch/wcwidth-0.2.13-pyhd8ed1ab_0.conda#68f0738df502a14213624b288c60c9ad
https://conda.anaconda.org/conda-forge/noarch/webcolors-24.8.0-pyhd8ed1ab_0.conda#eb48b812eb4fbb9ff238a6651fdbbcae
https://conda.anaconda.org/conda-forge/noarch/webencodings-0.5.1-pyhd8ed1ab_2.conda#daf5160ff9cde3a468556965329085b9
https://conda.anaconda.org/conda-forge/noarch/websocket-client-1.8.0-pyhd8ed1ab_0.conda#f372c576b8774922da83cda2b12f9d29
https://conda.anaconda.org/conda-forge/noarch/wheel-0.45.0-pyhd8ed1ab_0.conda#f9751d7c71df27b2d29f5cab3378982e
https://conda.anaconda.org/conda-forge/noarch/widgetsnbextension-4.0.13-pyhd8ed1ab_0.conda#6372cd99502721bd7499f8d16b56268d
https://conda.anaconda.org/conda-forge/osx-arm64/wrapt-1.16.0-py312h024a12e_1.conda#f97c9abfeb8292f5f8353607ca8a1127
https://conda.anaconda.org/conda-forge/noarch/xyzservices-2024.9.0-pyhd8ed1ab_0.conda#156c91e778c1d4d57b709f8c5333fd06
https://conda.anaconda.org/conda-forge/osx-arm64/zeromq-4.3.5-hc1bb282_7.conda#f7e6b65943cb73bce0143737fded08f1
https://conda.anaconda.org/conda-forge/noarch/zipp-3.21.0-pyhd8ed1ab_0.conda#fee389bf8a4843bd7a2248ce11b7f188
https://conda.anaconda.org/conda-forge/noarch/anyio-4.6.2.post1-pyhd8ed1ab_0.conda#688697ec5e9588bdded167d19577625b
https://conda.anaconda.org/conda-forge/noarch/asttokens-2.4.1-pyhd8ed1ab_0.conda#5f25798dcefd8252ce5f9dc494d5f571
https://conda.anaconda.org/conda-forge/noarch/async-lru-2.0.4-pyhd8ed1ab_0.conda#3d081de3a6ea9f894bbb585e8e3a4dcb
https://conda.anaconda.org/conda-forge/osx-arm64/aws-c-auth-0.8.0-h9b725a8_10.conda#17c90d9eb8c6842fd739dc5445ce9962
https://conda.anaconda.org/conda-forge/osx-arm64/aws-c-mqtt-0.11.0-h68a0d7e_8.conda#9e3ac70d27e7591b1310a690768cfe27
https://conda.anaconda.org/conda-forge/osx-arm64/azure-core-cpp-1.14.0-hd50102c_0.conda#f093a11dcf3cdcca010b20a818fcc6dc
https://conda.anaconda.org/conda-forge/noarch/babel-2.16.0-pyhd8ed1ab_0.conda#6d4e9ecca8d88977147e109fc7053184
https://conda.anaconda.org/conda-forge/noarch/backports.tarfile-1.2.0-pyhd8ed1ab_0.conda#5a4c7e2a240a0092a9571d084fe8bc86
https://conda.anaconda.org/conda-forge/noarch/beautifulsoup4-4.12.3-pyha770c72_0.conda#332493000404d8411859539a5a630865
https://conda.anaconda.org/conda-forge/noarch/bleach-6.2.0-pyhd8ed1ab_0.conda#461bcfab8e65c166e297222ae919a2d4
https://conda.anaconda.org/conda-forge/noarch/cached-property-1.5.2-hd8ed1ab_1.tar.bz2#9b347a7ec10940d3f7941ff6c460b551
https://conda.anaconda.org/conda-forge/osx-arm64/cffi-1.17.1-py312h0fad829_0.conda#19a5456f72f505881ba493979777b24e
https://conda.anaconda.org/conda-forge/noarch/click-default-group-1.2.4-pyhd8ed1ab_0.conda#7c2b6931f9b3548ed78478332095c3e9
https://conda.anaconda.org/conda-forge/noarch/clikit-0.6.2-pyhd8ed1ab_2.conda#02abb7b66b02e8b9f5a9b05454400087
https://conda.anaconda.org/conda-forge/noarch/comm-0.2.2-pyhd8ed1ab_0.conda#948d84721b578d426294e17a02e24cbb
https://conda.anaconda.org/conda-forge/osx-arm64/fonttools-4.55.0-py312h998013c_0.conda#b009bb8037e769ff4fd6439642268ecb
https://conda.anaconda.org/conda-forge/noarch/gitdb-4.0.11-pyhd8ed1ab_0.conda#623b19f616f2ca0c261441067e18ae40
https://conda.anaconda.org/conda-forge/noarch/h11-0.14.0-pyhd8ed1ab_0.tar.bz2#b21ed0883505ba1910994f1df031a428
https://conda.anaconda.org/conda-forge/noarch/h2-4.1.0-pyhd8ed1ab_0.tar.bz2#b748fbf7060927a6e82df7cb5ee8f097
https://conda.anaconda.org/conda-forge/noarch/html5lib-1.1-pyhd8ed1ab_1.conda#51862c722035f53c5d99ae99a78ea569
https://conda.anaconda.org/conda-forge/noarch/importlib-metadata-8.5.0-pyha770c72_0.conda#54198435fce4d64d8a89af22573012a8
https://conda.anaconda.org/conda-forge/noarch/importlib_resources-6.4.5-pyhd8ed1ab_0.conda#c808991d29b9838fb4d96ce8267ec9ec
https://conda.anaconda.org/conda-forge/noarch/jaraco.classes-3.4.0-pyhd8ed1ab_1.conda#7b756504d362cbad9b73a50a5455cafd
https://conda.anaconda.org/conda-forge/noarch/jaraco.functools-4.0.0-pyhd8ed1ab_0.conda#547670a612fd335eaa5ffbf0fa75cb64
https://conda.anaconda.org/conda-forge/noarch/jedi-0.19.2-pyhff2d567_0.conda#11ead81b00e0f7cc901fceb7ccfb92c1
https://conda.anaconda.org/conda-forge/noarch/jinja2-3.1.4-pyhd8ed1ab_0.conda#7b86ecb7d3557821c649b3c31e3eb9f2
https://conda.anaconda.org/conda-forge/noarch/joblib-1.4.2-pyhd8ed1ab_0.conda#25df261d4523d9f9783bcdb7208d872f
https://conda.anaconda.org/conda-forge/noarch/jupyter_core-5.7.2-pyh31011fe_1.conda#0a2980dada0dd7fd0998f0342308b1b1
https://conda.anaconda.org/conda-forge/noarch/jupyterlab_pygments-0.3.0-pyhd8ed1ab_1.conda#afcd1b53bcac8844540358e33f33d28f
https://conda.anaconda.org/conda-forge/osx-arm64/libblas-3.9.0-25_osxarm64_openblas.conda#f8cf4d920ff36ce471619010eff59cac
https://conda.anaconda.org/conda-forge/osx-arm64/libgrpc-1.67.1-hc70892a_0.conda#624e27571fde34f8acc2afec840ac435
https://conda.anaconda.org/conda-forge/noarch/matplotlib-inline-0.1.7-pyhd8ed1ab_0.conda#779345c95648be40d22aaa89de7d4254
https://conda.anaconda.org/conda-forge/noarch/mercantile-1.2.1-pyhd8ed1ab_0.tar.bz2#aa20d014b5bd1924727dd86467648a27
https://conda.anaconda.org/conda-forge/noarch/overrides-7.7.0-pyhd8ed1ab_0.conda#24fba5a9d161ad8103d4e84c0e1a3ed4
https://conda.anaconda.org/conda-forge/noarch/pexpect-4.9.0-pyhd8ed1ab_0.conda#629f3203c99b32e0988910c93e77f3b6
https://conda.anaconda.org/conda-forge/osx-arm64/pillow-11.0.0-py312haf37ca6_0.conda#dc9b51fbd2b6f7fea9b5123458864dbb
https://conda.anaconda.org/conda-forge/noarch/pip-24.3.1-pyh8b19718_0.conda#5dd546fe99b44fda83963d15f84263b7
https://conda.anaconda.org/conda-forge/noarch/prompt-toolkit-3.0.48-pyha770c72_0.conda#4c05134c48b6a74f33bbb9938e4a115e
https://conda.anaconda.org/conda-forge/noarch/psygnal-0.11.1-pyhd8ed1ab_0.conda#b49c6ca5e5661b5473f91ac01782e487
https://conda.anaconda.org/conda-forge/osx-arm64/pyobjc-core-10.3.1-py312hd24fc31_1.conda#1533727287f098e669d75f9c54dc1601
https://conda.anaconda.org/conda-forge/noarch/python-dateutil-2.9.0.post0-pyhff2d567_0.conda#b6dfd90a2141e573e4b6a81630b56df5
https://conda.anaconda.org/conda-forge/osx-arm64/pyzmq-26.2.0-py312hf8a1cbd_3.conda#7bdaa4c2a84b744ef26c8b2ba65c3d0e
https://conda.anaconda.org/conda-forge/noarch/referencing-0.35.1-pyhd8ed1ab_0.conda#0fc8b52192a8898627c3efae1003e9f6
https://conda.anaconda.org/conda-forge/noarch/rfc3339-validator-0.1.4-pyhd8ed1ab_0.tar.bz2#fed45fc5ea0813240707998abe49f520
https://conda.anaconda.org/conda-forge/osx-arm64/ruamel.yaml-0.18.6-py312h0bf5046_1.conda#c67fe5e10c151ef58bfc255b30f35f29
https://conda.anaconda.org/conda-forge/noarch/terminado-0.18.1-pyh31c8845_0.conda#00b54981b923f5aefcd5e8547de056d5
https://conda.anaconda.org/conda-forge/noarch/tinycss2-1.4.0-pyhd8ed1ab_0.conda#f1acf5fdefa8300de697982bcb1761c9
https://conda.anaconda.org/conda-forge/noarch/typing-extensions-4.12.2-hd8ed1ab_0.conda#52d648bd608f5737b123f510bb5514b5
https://conda.anaconda.org/conda-forge/noarch/urllib3-1.26.19-pyhd8ed1ab_0.conda#6bb37c314b3cc1515dcf086ffe01c46e
https://conda.anaconda.org/conda-forge/noarch/virtualenv-20.27.1-pyhd8ed1ab_0.conda#dae21509d62aa7bf676279ced3edcb3f
https://conda.anaconda.org/conda-forge/noarch/annotated-types-0.7.0-pyhd8ed1ab_0.conda#7e9f4612544c8edbfd6afad17f1bd045
https://conda.anaconda.org/conda-forge/osx-arm64/argon2-cffi-bindings-21.2.0-py312h024a12e_5.conda#6ccaeafe1a52b0d0e7ebfbf53a374649
https://conda.anaconda.org/conda-forge/noarch/arrow-1.3.0-pyhd8ed1ab_0.conda#b77d8c2313158e6e461ca0efb1c2c508
https://conda.anaconda.org/conda-forge/osx-arm64/aws-c-s3-0.7.1-h840aca7_3.conda#540af65a722c5e490012153673793df5
https://conda.anaconda.org/conda-forge/osx-arm64/azure-identity-cpp-1.10.0-hc602bab_0.conda#d7b71593a937459f2d4b67e1a4727dc2
https://conda.anaconda.org/conda-forge/osx-arm64/azure-storage-common-cpp-12.8.0-h9ca1f76_1.conda#7a187cd7b1445afc80253bb186a607cc
https://conda.anaconda.org/conda-forge/noarch/fqdn-1.5.1-pyhd8ed1ab_0.tar.bz2#642d35437078749ef23a5dca2c9bb1f3
https://conda.anaconda.org/conda-forge/noarch/gitpython-3.1.43-pyhd8ed1ab_0.conda#0b2154c1818111e17381b1df5b4b0176
https://conda.anaconda.org/conda-forge/noarch/httpcore-1.0.7-pyh29332c3_1.conda#2ca8e6dbc86525c8b95e3c0ffa26442e
https://conda.anaconda.org/conda-forge/noarch/jaraco.context-5.3.0-pyhd8ed1ab_1.conda#72d7ad2dcd0f37eccb2ee35a1c8f6aaa
https://conda.anaconda.org/conda-forge/noarch/jsonschema-specifications-2024.10.1-pyhd8ed1ab_0.conda#720745920222587ef942acfbc578b584
https://conda.anaconda.org/conda-forge/noarch/jupyter_client-8.6.3-pyhd8ed1ab_0.conda#a14218cfb29662b4a19ceb04e93e298e
https://conda.anaconda.org/conda-forge/noarch/jupyter_server_terminals-0.5.3-pyhd8ed1ab_0.conda#219b3833aa8ed91d47d1be6ca03f30be
https://conda.anaconda.org/conda-forge/osx-arm64/libcblas-3.9.0-25_osxarm64_openblas.conda#4df0fae81f0b5bf47d48c882b086da11
https://conda.anaconda.org/conda-forge/osx-arm64/libgoogle-cloud-2.31.0-h8d8be31_0.conda#a338736f1514e6f999db8726fe0965b1
https://conda.anaconda.org/conda-forge/osx-arm64/liblapack-3.9.0-25_osxarm64_openblas.conda#19bbddfec972d401838330453186108d
https://conda.anaconda.org/conda-forge/osx-arm64/pydantic-core-2.27.1-py312hcd83bfe_0.conda#3847a96eaf24a877b6091150ff9c4955
https://conda.anaconda.org/conda-forge/osx-arm64/pyobjc-framework-cocoa-10.3.1-py312hd24fc31_1.conda#b1c63f8abafc9530a9259e0d6a70e984
https://conda.anaconda.org/conda-forge/noarch/requests-2.32.3-pyhd8ed1ab_0.conda#5ede4753180c7a550a443c430dc8ab52
https://conda.anaconda.org/conda-forge/noarch/stack_data-0.6.2-pyhd8ed1ab_0.conda#e7df0fdd404616638df5ece6e69ba7af
https://conda.anaconda.org/conda-forge/osx-arm64/watchfiles-0.24.0-py312he431725_1.conda#7fd741404e6fcab22a988ee6742dc778
https://conda.anaconda.org/conda-forge/noarch/argon2-cffi-23.1.0-pyhd8ed1ab_0.conda#3afef1f55a1366b4d3b6a0d92e2235e4
https://conda.anaconda.org/conda-forge/osx-arm64/aws-crt-cpp-0.29.5-h6832833_0.conda#546159ec6849eaf2b632eb79e3ab16f7
https://conda.anaconda.org/conda-forge/osx-arm64/azure-storage-blobs-cpp-12.13.0-h7585a09_1.conda#704238ef05d46144dae2e6b5853df8bc
https://conda.anaconda.org/conda-forge/noarch/cachecontrol-0.14.1-pyhd8ed1ab_0.conda#e2ab0c0094abfe6021c0b03b7a54cbec
https://conda.anaconda.org/conda-forge/noarch/ensureconda-1.4.4-pyhd8ed1ab_0.conda#e54a91c3a65491b13c68f7696425bac8
https://conda.anaconda.org/conda-forge/noarch/httpx-0.27.2-pyhd8ed1ab_0.conda#7e9ac3faeebdbd7b53b462c41891e7f7
https://conda.anaconda.org/conda-forge/noarch/ipython-8.29.0-pyh707e725_0.conda#56db21d7d51410fcfbfeca3d1a6b4269
https://conda.anaconda.org/conda-forge/noarch/isoduration-20.11.0-pyhd8ed1ab_0.tar.bz2#4cb68948e0b8429534380243d063a27a
https://conda.anaconda.org/conda-forge/noarch/jsonschema-4.23.0-pyhd8ed1ab_0.conda#da304c192ad59975202859b367d0f6a2
https://conda.anaconda.org/conda-forge/noarch/keyring-25.5.0-pyh534df25_0.conda#a0ed4210b80d1c9b4737774c22e222a6
https://conda.anaconda.org/conda-forge/osx-arm64/libgoogle-cloud-storage-2.31.0-h7081f7f_0.conda#548fd1d31741ee6b13df4124db4a9f5f
https://conda.anaconda.org/conda-forge/osx-arm64/numpy-2.1.3-py312h94ee1e1_0.conda#a2af54c86582e08718805c69af737897
https://conda.anaconda.org/conda-forge/noarch/pydantic-2.10.1-pyh10f6f8f_0.conda#c15343c9dbdb30766a07e5b70e46c7d3
https://conda.anaconda.org/conda-forge/noarch/send2trash-1.8.3-pyh31c8845_0.conda#c3cb67fc72fb38020fe7923dbbcf69b0
https://conda.anaconda.org/conda-forge/noarch/altair-5.4.1-pyhd8ed1ab_3.conda#1023b24b9c859bf5d9223a202d7e58b9
https://conda.anaconda.org/conda-forge/osx-arm64/aws-sdk-cpp-1.11.449-h8577fd2_3.conda#3c789cd7093639a2662b14b87f11b04c
https://conda.anaconda.org/conda-forge/osx-arm64/azure-storage-files-datalake-cpp-12.12.0-hcdd55da_1.conda#c49fbc5233fcbaa86391162ff1adef38
https://conda.anaconda.org/conda-forge/noarch/cachecontrol-with-filecache-0.14.1-pyhd8ed1ab_0.conda#7086cfe05f71ea0d9a509b4e3509554d
https://conda.anaconda.org/conda-forge/osx-arm64/contourpy-1.3.1-py312hb23fbb9_0.conda#f4408290387836e05ac267cd7ec80c5c
https://conda.anaconda.org/conda-forge/noarch/ipykernel-6.29.5-pyh57ce528_0.conda#9eb15d654daa0ef5a98802f586bb4ffc
https://conda.anaconda.org/conda-forge/noarch/ipywidgets-8.1.5-pyhd8ed1ab_0.conda#a022d34163147d16b27de86dc53e93fc
https://conda.anaconda.org/conda-forge/noarch/jsonschema-with-format-nongpl-4.23.0-hd8ed1ab_0.conda#16b37612b3a2fd77f409329e213b530c
https://conda.anaconda.org/conda-forge/noarch/nbformat-5.10.4-pyhd8ed1ab_0.conda#0b57b5368ab7fc7cdc9e3511fa867214
https://conda.anaconda.org/conda-forge/osx-arm64/pandas-2.2.3-py312hcd31e36_1.conda#c68bfa69e6086c381c74e16fd72613a8
https://conda.anaconda.org/conda-forge/noarch/patsy-1.0.1-pyhff2d567_0.conda#a97b9c7586cedcf4a0a158ef3479975c
https://conda.anaconda.org/conda-forge/osx-arm64/scipy-1.14.1-py312h20deb59_1.conda#c60ad657cccb6c2b97513f87ae27f47a
https://conda.anaconda.org/conda-forge/noarch/altair_tiles-0.3.0-pyhd8ed1ab_0.conda#9ca668f79c5f15812e699913f0a01a4e
https://conda.anaconda.org/conda-forge/noarch/anywidget-0.9.13-pyhd8ed1ab_0.conda#5163983551f7a4361b0a6bcc85334e0c
https://conda.anaconda.org/conda-forge/noarch/conda-lock-2.5.7-pyhd8ed1ab_0.conda#154d0c643be6a9ce6fbe655d007d8e4e
https://conda.anaconda.org/conda-forge/noarch/jupyter_events-0.10.0-pyhd8ed1ab_0.conda#ed45423c41b3da15ea1df39b1f80c2ca
https://conda.anaconda.org/conda-forge/osx-arm64/libarrow-18.0.0-hb943b0e_8_cpu.conda#e1b2b2f162540ebea865e908c865bb9c
https://conda.anaconda.org/conda-forge/osx-arm64/matplotlib-base-3.9.2-py312h9bd0bc6_2.conda#faf7592748a40887a1a80424f136bf86
https://conda.anaconda.org/conda-forge/noarch/nbclient-0.10.0-pyhd8ed1ab_0.conda#15b51397e0fe8ea7d7da60d83eb76ebc
https://conda.anaconda.org/conda-forge/osx-arm64/scikit-learn-1.5.2-py312h387f99c_1.conda#7a6a47b8182f8c5bdabdc772f1357e01
https://conda.anaconda.org/conda-forge/osx-arm64/statsmodels-0.14.4-py312h755e627_0.conda#d9455b9eb18d4bda352265b42c142685
https://conda.anaconda.org/conda-forge/noarch/vega_datasets-0.9.0-pyhd3deb0d_0.tar.bz2#c754e69d9d5de4a69ff0972318349bd0
https://conda.anaconda.org/conda-forge/osx-arm64/libarrow-acero-18.0.0-h286801f_8_cpu.conda#7208462cfc8f9610060695ffab85ab39
https://conda.anaconda.org/conda-forge/osx-arm64/libparquet-18.0.0-hda0ea68_8_cpu.conda#74f66533d553fc03cdb21af7a5d4d84e
https://conda.anaconda.org/conda-forge/osx-arm64/matplotlib-3.9.2-py312h1f38498_2.conda#e8f51a3154b7b8d701ba319e78f6d8a9
https://conda.anaconda.org/conda-forge/noarch/nbconvert-core-7.16.4-pyhd8ed1ab_1.conda#e2d2abb421c13456a9a9f80272fdf543
https://conda.anaconda.org/conda-forge/noarch/py-xgboost-2.1.2-cpu_pyhd3de297_1.conda#88a70d00e209a80e02501d40ecaa0ec7
https://conda.anaconda.org/conda-forge/osx-arm64/pyarrow-core-18.0.0-py312hc40f475_1_cpu.conda#801f7771b21af9ca4016d9c2f9ff2a08
https://conda.anaconda.org/conda-forge/noarch/seaborn-base-0.13.2-pyhd8ed1ab_2.conda#b713b116feaf98acdba93ad4d7f90ca1
https://conda.anaconda.org/conda-forge/noarch/jupyter_server-2.14.2-pyhd8ed1ab_0.conda#ca23c71f70a7c7935b3d03f0f1a5801d
https://conda.anaconda.org/conda-forge/osx-arm64/libarrow-dataset-18.0.0-h286801f_8_cpu.conda#08b882378a3e10b0be0218e5867638e3
https://conda.anaconda.org/conda-forge/noarch/seaborn-0.13.2-hd8ed1ab_2.conda#a79d8797f62715255308d92d3a91ef2e
https://conda.anaconda.org/conda-forge/noarch/xgboost-2.1.2-cpu_pyhac85b48_1.conda#4e063635209ec708ef786462259d63cc
https://conda.anaconda.org/conda-forge/noarch/jupyter-lsp-2.2.5-pyhd8ed1ab_0.conda#885867f6adab3d7ecdf8ab6ca0785f51
https://conda.anaconda.org/conda-forge/noarch/jupyterlab_server-2.27.3-pyhd8ed1ab_0.conda#af8239bf1ba7e8c69b689f780f653488
https://conda.anaconda.org/conda-forge/osx-arm64/libarrow-substrait-18.0.0-h6a6e5c5_8_cpu.conda#7acbdff23cd797bb9ada6a3de2d7502a
https://conda.anaconda.org/conda-forge/noarch/notebook-shim-0.2.4-pyhd8ed1ab_0.conda#3d85618e2c97ab896b5b5e298d32b5b3
https://conda.anaconda.org/conda-forge/noarch/jupyterlab-4.2.6-pyhff2d567_0.conda#8e8787ab1bc5210800aaae43c69973b1
https://conda.anaconda.org/conda-forge/osx-arm64/pyarrow-18.0.0-py312h1f38498_1.conda#4510221533398449a8f707bda652dd27
https://conda.anaconda.org/conda-forge/noarch/notebook-7.2.2-pyhd8ed1ab_0.conda#c4d5a58f43ce9ffa430e6ecad6c30a42
https://conda.anaconda.org/conda-forge/noarch/vegafusion-1.6.9-pyhd8ed1ab_0.conda#6aa7e1d32c66d32b86800e61601ba5c6
https://conda.anaconda.org/conda-forge/noarch/altair-all-5.4.1-pyhd8ed1ab_3.conda#acf4dd481bfb1b9fdceff37dcd4243e5
https://conda.anaconda.org/conda-forge/noarch/nb_conda_kernels-2.5.1-pyh707e725_2.conda#076e6d822442987779a6622092a8fb6a
# pip catalogue @ https://files.pythonhosted.org/packages/9e/96/d32b941a501ab566a16358d68b6eb4e4acc373fab3c3c4d7d9e649f7b4bb/catalogue-2.0.10-py3-none-any.whl#sha256=58c2de0020aa90f4a2da7dfad161bf7b3b054c86a5f09fcedc0b2b740c109a9f
# pip cloudpathlib @ https://files.pythonhosted.org/packages/1f/6e/b64600156934dab14cc8b403095a9ea8bd722aad2e775673c68346b76220/cloudpathlib-0.20.0-py3-none-any.whl#sha256=7af3bcefbf73392ae7f31c08b3660ec31607f8c01b7f6262d4d73469a845f641
# pip cymem @ https://files.pythonhosted.org/packages/55/de/068d791d77c5f46844ee00c56414a6c7d9a3e80a82228ecb17c6530886bc/cymem-2.0.10-cp312-cp312-macosx_11_0_arm64.whl#sha256=5e57928d9e93c61265281ea01a1d24499d397625b2766a0c5735b99bceb3ba75
# pip emoji @ https://files.pythonhosted.org/packages/ef/56/4ddf8b36aa4b52077045b17ffb8958f3360b250df4143d1482d9d5bb54d5/emoji-2.14.0-py3-none-any.whl#sha256=fcc936bf374b1aec67dda5303ae99710ba88cc9cdce2d1a71c5f2204e6d78799
# pip marisa-trie @ https://files.pythonhosted.org/packages/00/28/ae5991c74fb90b173167a366a634c83445f948ad044d37287b478d6b457e/marisa_trie-1.2.1-cp312-cp312-macosx_11_0_arm64.whl#sha256=f713af9b8aa66a34cd3a78c7d150a560a75734713abe818a69021fd269e927fa
# pip mdurl @ https://files.pythonhosted.org/packages/b3/38/89ba8ad64ae25be8de66a6d463314cf1eb366222074cfda9ee839c56a4b4/mdurl-0.1.2-py3-none-any.whl#sha256=84008a41e51615a49fc9966191ff91509e3c40b939176e643fd50a5c2196b8f8
# pip murmurhash @ https://files.pythonhosted.org/packages/9a/18/7c37d4a97be0602fd9589a613128f5820742513d1cec1d4e491a7ba9d81a/murmurhash-1.0.11-cp312-cp312-macosx_11_0_arm64.whl#sha256=fd3083c6d977c2bc1e2f35ff999c39de43de09fd588f780243ec78debb316406
# pip numpy @ https://files.pythonhosted.org/packages/46/92/1b8b8dee833f53cef3e0a3f69b2374467789e0bb7399689582314df02651/numpy-2.0.2-cp312-cp312-macosx_11_0_arm64.whl#sha256=8df823f570d9adf0978347d1f926b2a867d5608f434a7cff7f7908c6570dcf5e
# pip shellingham @ https://files.pythonhosted.org/packages/e0/f9/0595336914c5619e5f28a1fb793285925a8cd4b432c9da0a987836c7f822/shellingham-1.5.4-py2.py3-none-any.whl#sha256=7ecfff8f2fd72616f7481040475a65b2bf8af90a56c89140852d1120324e8686
# pip spacy-legacy @ https://files.pythonhosted.org/packages/c3/55/12e842c70ff8828e34e543a2c7176dac4da006ca6901c9e8b43efab8bc6b/spacy_legacy-3.0.12-py2.py3-none-any.whl#sha256=476e3bd0d05f8c339ed60f40986c07387c0a71479245d6d0f4298dbd52cda55f
# pip spacy-loggers @ https://files.pythonhosted.org/packages/33/78/d1a1a026ef3af911159398c939b1509d5c36fe524c7b644f34a5146c4e16/spacy_loggers-1.0.5-py3-none-any.whl#sha256=196284c9c446cc0cdb944005384270d775fdeaf4f494d8e269466cfa497ef645
# pip tqdm @ https://files.pythonhosted.org/packages/2b/78/57043611a16c655c8350b4c01b8d6abfb38cc2acb475238b62c2146186d7/tqdm-4.67.0-py3-none-any.whl#sha256=0cd8af9d56911acab92182e88d763100d4788bdf421d251616040cc4d44863be
# pip wasabi @ https://files.pythonhosted.org/packages/06/7c/34330a89da55610daa5f245ddce5aab81244321101614751e7537f125133/wasabi-1.1.3-py3-none-any.whl#sha256=f76e16e8f7e79f8c4c8be49b4024ac725713ab10cd7f19350ad18a8e3f71728c
# pip altair-ally @ https://files.pythonhosted.org/packages/ca/b3/df528cb8c8242485b7f5d4d973fea5233b216486b3e1d2d8b14d92772ddf/altair_ally-0.1.1.tar.gz#sha256=f8b7179fda6335322048f71ec29b827b63f658e8a9fb54426927597eeb1f446e
# pip blis @ https://files.pythonhosted.org/packages/31/24/e3e53642d4089ea8e6ec4755358603aa597e17db08e42d8c4b18fb7eadb7/blis-1.0.1-cp312-cp312-macosx_11_0_arm64.whl#sha256=f860c1723928c40d4920a05130d21a600dcb5fbf07aa1fe8f4bdff2c4a5238a5
# pip imageio @ https://files.pythonhosted.org/packages/4e/e7/26045404a30c8a200e960fb54fbaf4b73d12e58cd28e03b306b084253f4f/imageio-2.36.0-py3-none-any.whl#sha256=471f1eda55618ee44a3c9960911c35e647d9284c68f077e868df633398f137f0
# pip language-data @ https://files.pythonhosted.org/packages/5d/e9/5a5ffd9b286db82be70d677d0a91e4d58f7912bb8dd026ddeeb4abe70679/language_data-1.3.0-py3-none-any.whl#sha256=e2ee943551b5ae5f89cd0e801d1fc3835bb0ef5b7e9c3a4e8e17b2b214548fbf
# pip markdown-it-py @ https://files.pythonhosted.org/packages/42/d7/1ec15b46af6af88f19b8e5ffea08fa375d433c998b8a7639e76935c14f1f/markdown_it_py-3.0.0-py3-none-any.whl#sha256=355216845c60bd96232cd8d8c40e8f9765cc86f46880e43a8fd22dc1a1a8cab1
# pip preshed @ https://files.pythonhosted.org/packages/e7/68/1b4772ff3232e71b63a9206936eb1f75e976ebf4e4e24dc9b3ea7b68369b/preshed-3.0.9-cp312-cp312-macosx_11_0_arm64.whl#sha256=e04f05758875be9751e483bd3c519c22b00d3b07f5a64441ec328bb9e3c03700
# pip smart-open @ https://files.pythonhosted.org/packages/06/bc/706838af28a542458bffe74a5d0772ca7f207b5495cd9fccfce61ef71f2a/smart_open-7.0.5-py3-none-any.whl#sha256=8523ed805c12dff3eaa50e9c903a6cb0ae78800626631c5fe7ea073439847b89
# pip srsly @ https://files.pythonhosted.org/packages/9a/47/13fbea357e7eb9ee823b54cbead30a6adc6686bb3f73e76563b13dcbb2f8/srsly-2.4.8-cp312-cp312-macosx_11_0_arm64.whl#sha256=94ccdd2f6db824c31266aaf93e0f31c1c43b8bc531cd2b3a1d924e3c26a4f294
# pip confection @ https://files.pythonhosted.org/packages/0c/00/3106b1854b45bd0474ced037dfe6b73b90fe68a68968cef47c23de3d43d2/confection-0.1.5-py3-none-any.whl#sha256=e29d3c3f8eac06b3f77eb9dfb4bf2fc6bcc9622a98ca00a698e3d019c6430b14
# pip langcodes @ https://files.pythonhosted.org/packages/c3/6b/068c2ea7a712bf805c62445bd9e9c06d7340358ef2824150eceac027444b/langcodes-3.5.0-py3-none-any.whl#sha256=853c69d1a35e0e13da2f427bb68fb2fa4a8f4fb899e0c62ad8df8d073dcfed33
# pip mglearn @ https://files.pythonhosted.org/packages/bb/8b/687d30a3df6b870af541dde6327423e35713e38243db135f57b4ebd054f3/mglearn-0.2.0-py2.py3-none-any.whl#sha256=8d1c57c0beb176b62f27897a1f68dbcaa2cb357f84e8a4924c57f56306b7ebb5
# pip rich @ https://files.pythonhosted.org/packages/19/71/39c7c0d87f8d4e6c020a393182060eaefeeae6c01dab6a84ec346f2567df/rich-13.9.4-py3-none-any.whl#sha256=6049d5e6ec054bf2779ab3358186963bac2ea89175919d699e378b99738c2a90
# pip thinc @ https://files.pythonhosted.org/packages/1c/8b/123d6221b9bc115f609363b3477ff5cade21f480d7b88aff566353c8a74c/thinc-8.3.2-cp312-cp312-macosx_11_0_arm64.whl#sha256=b014a282e9ea6330a678b472d74f479c7a38168cbf570bdc740e50d960dd78a1
# pip typer @ https://files.pythonhosted.org/packages/22/69/e90a0b4d0c16e095901679216c8ecdc728110c7c54e7b5f43a623bc4c789/typer-0.13.1-py3-none-any.whl#sha256=5b59580fd925e89463a29d363e0a43245ec02765bde9fb77d39e5d0f29dd7157
# pip weasel @ https://files.pythonhosted.org/packages/2a/87/abd57374044e1f627f0a905ac33c1a7daab35a3a815abfea4e1bafd3fdb1/weasel-0.4.1-py3-none-any.whl#sha256=24140a090ea1ac512a2b2f479cc64192fd1d527a7f3627671268d08ed5ac418c
# pip spacy @ https://files.pythonhosted.org/packages/19/e6/ae2c4b1b898dc48fd9c221a0d2458e4fc3d337f3ece183e4ebe945dd1c1f/spacy-3.8.2-cp312-cp312-macosx_11_0_arm64.whl#sha256=09faa873cf23d5136b1c1ce6378054a885f650fda96e1655a3ab49e2e7fdd15b
# pip spacymoji @ https://files.pythonhosted.org/packages/3c/5d/cf1f18f9c3a88fc2cd51aad40f7bfeb9657d3c2c937ff950ede3e6029079/spacymoji-3.1.0-py2.py3-none-any.whl#sha256=443df056e4bf23afb1f6ff8a372d9088e02d5eb2bd4a37a51fa0d19c35d0312b
